
Microsoft Visual Studio Solution File, Format Version 12.00
# Visual Studio Version 17
VisualStudioVersion = 17.9.34622.214
MinimumVisualStudioVersion = 10.0.40219.1
Project("{FAE04EC0-301F-11D3-BF4B-00C04F79EFBC}") = "SecureVault", "SecureVault.csproj", "{D7E8EB48-6012-4F7E-9660-F5AB1C2B4D9B}"
EndProject
Global
	GlobalSection(SolutionConfigurationPlatforms) = preSolution
		Debug|Any CPU = Debug|Any CPU
		Release|Any CPU = Release|Any CPU
	EndGlobalSection
	GlobalSection(ProjectConfigurationPlatforms) = postSolution
		{D7E8EB48-6012-4F7E-9660-F5AB1C2B4D9B}.Debug|Any CPU.ActiveCfg = Debug|Any CPU
		{D7E8EB48-6012-4F7E-9660-F5AB1C2B4D9B}.Debug|Any CPU.Build.0 = Debug|Any CPU
		{D7E8EB48-6012-4F7E-9660-F5AB1C2B4D9B}.Debug|Any CPU.Deploy.0 = Debug|Any CPU
		{D7E8EB48-6012-4F7E-9660-F5AB1C2B4D9B}.Release|Any CPU.ActiveCfg = Release|Any CPU
		{D7E8EB48-6012-4F7E-9660-F5AB1C2B4D9B}.Release|Any CPU.Build.0 = Release|Any CPU
		{D7E8EB48-6012-4F7E-9660-F5AB1C2B4D9B}.Release|Any CPU.Deploy.0 = Release|Any CPU
	EndGlobalSection
	GlobalSection(SolutionProperties) = preSolution
		HideSolutionNode = FALSE
	EndGlobalSection
	GlobalSection(ExtensibilityGlobals) = postSolution
		SolutionGuid = {0357FFDB-3A00-417D-80F8-45B9B835F95A}
	EndGlobalSection
EndGlobal
